Microsoft Visual Studio Solution File, Format Version 11.00
# Visual Studio 2008

Project("{A9E2EFB5-087E-F510-D323-2A75BE5AD622}") = "PetTest", "Assembly-CSharp-firstpass.csproj", "{ECACB2EC-8400-B666-FD16-B0B591B200D1}"
EndProject
Project("{A9E2EFB5-087E-F510-D323-2A75BE5AD622}") = "PetTest", "Assembly-CSharp.csproj", "{064E51F9-8272-6B80-DD31-AA3990E109DA}"
EndProject
Project("{A9E2EFB5-087E-F510-D323-2A75BE5AD622}") = "PetTest", "Assembly-CSharp-Editor.csproj", "{E0007F97-FDBE-C83D-2217-D6AC6C46F4DB}"
EndProject
Project("{A9E2EFB5-087E-F510-D323-2A75BE5AD622}") = "PetTest", "Assembly-UnityScript-firstpass.unityproj", "{19D0915E-1EE6-08CD-3A25-9EDACAFE0B42}"
EndProject
Project("{A9E2EFB5-087E-F510-D323-2A75BE5AD622}") = "PetTest", "Assembly-UnityScript.unityproj", "{D8C6F57C-8579-99E6-900C-1561C3314A31}"
EndProject
Global
	GlobalSection(SolutionConfigurationPlatforms) = preSolution
		Debug|Any CPU = Debug|Any CPU
		Release|Any CPU = Release|Any CPU
	EndGlobalSection
	GlobalSection(ProjectConfigurationPlatforms) = postSolution
		{ECACB2EC-8400-B666-FD16-B0B591B200D1}.Debug|Any CPU.ActiveCfg = Debug|Any CPU
		{ECACB2EC-8400-B666-FD16-B0B591B200D1}.Debug|Any CPU.Build.0 = Debug|Any CPU
		{ECACB2EC-8400-B666-FD16-B0B591B200D1}.Release|Any CPU.ActiveCfg = Release|Any CPU
		{ECACB2EC-8400-B666-FD16-B0B591B200D1}.Release|Any CPU.Build.0 = Release|Any CPU
		{064E51F9-8272-6B80-DD31-AA3990E109DA}.Debug|Any CPU.ActiveCfg = Debug|Any CPU
		{064E51F9-8272-6B80-DD31-AA3990E109DA}.Debug|Any CPU.Build.0 = Debug|Any CPU
		{064E51F9-8272-6B80-DD31-AA3990E109DA}.Release|Any CPU.ActiveCfg = Release|Any CPU
		{064E51F9-8272-6B80-DD31-AA3990E109DA}.Release|Any CPU.Build.0 = Release|Any CPU
		{E0007F97-FDBE-C83D-2217-D6AC6C46F4DB}.Debug|Any CPU.ActiveCfg = Debug|Any CPU
		{E0007F97-FDBE-C83D-2217-D6AC6C46F4DB}.Debug|Any CPU.Build.0 = Debug|Any CPU
		{E0007F97-FDBE-C83D-2217-D6AC6C46F4DB}.Release|Any CPU.ActiveCfg = Release|Any CPU
		{E0007F97-FDBE-C83D-2217-D6AC6C46F4DB}.Release|Any CPU.Build.0 = Release|Any CPU
		{19D0915E-1EE6-08CD-3A25-9EDACAFE0B42}.Debug|Any CPU.ActiveCfg = Debug|Any CPU
		{19D0915E-1EE6-08CD-3A25-9EDACAFE0B42}.Debug|Any CPU.Build.0 = Debug|Any CPU
		{19D0915E-1EE6-08CD-3A25-9EDACAFE0B42}.Release|Any CPU.ActiveCfg = Release|Any CPU
		{19D0915E-1EE6-08CD-3A25-9EDACAFE0B42}.Release|Any CPU.Build.0 = Release|Any CPU
		{D8C6F57C-8579-99E6-900C-1561C3314A31}.Debug|Any CPU.ActiveCfg = Debug|Any CPU
		{D8C6F57C-8579-99E6-900C-1561C3314A31}.Debug|Any CPU.Build.0 = Debug|Any CPU
		{D8C6F57C-8579-99E6-900C-1561C3314A31}.Release|Any CPU.ActiveCfg = Release|Any CPU
		{D8C6F57C-8579-99E6-900C-1561C3314A31}.Release|Any CPU.Build.0 = Release|Any CPU
	EndGlobalSection
	GlobalSection(SolutionProperties) = preSolution
		HideSolutionNode = FALSE
	EndGlobalSection
																																																																																																																					GlobalSection(MonoDevelopProperties) = preSolution
		StartupItem = Assembly-CSharp.csproj
		Policies = $0
		$0.TextStylePolicy = $1
		$1.inheritsSet = null
		$1.scope = text/x-csharp
		$0.CSharpFormattingPolicy = $2
		$2.inheritsSet = Mono
		$2.inheritsScope = text/x-csharp
		$2.scope = text/x-csharp
		$0.TextStylePolicy = $3
		$3.FileWidth = 120
		$3.TabWidth = 4
		$3.IndentWidth = 4
		$3.EolMarker = Unix
		$3.inheritsSet = Mono
		$3.inheritsScope = text/plain
		$3.scope = text/plain
	EndGlobalSection

EndGlobal
